# Generated by pub
# See https://dart.dev/tools/pub/glossary#lockfile
packages:
  _flutterfire_internals:
    dependency: transitive
    description:
      name: _flutterfire_internals
      sha256: "6215ac7d00ed98300b72f45ed2b38c2ca841f9f4e6965fab33cbd591e45e4473"
      url: "https://pub.dev"
    source: hosted
    version: "1.0.13"
  archive:
    dependency: transitive
    description:
      name: archive
      sha256: d6347d54a2d8028e0437e3c099f66fdb8ae02c4720c1e7534c9f24c10351f85d
      url: "https://pub.dev"
    source: hosted
    version: "3.3.6"
  args:
    dependency: transitive
    description:
      name: args
      sha256: "4cab82a83ffef80b262ddedf47a0a8e56ee6fbf7fe21e6e768b02792034dd440"
      url: "https://pub.dev"
    source: hosted
    version: "2.4.0"
  async:
    dependency: transitive
    description:
      name: async
      sha256: bfe67ef28df125b7dddcea62755991f807aa39a2492a23e1550161692950bbe0
      url: "https://pub.dev"
    source: hosted
    version: "2.10.0"
  audioplayers:
    dependency: "direct main"
    description:
      name: audioplayers
      sha256: c05c6147124cd63e725e861335a8b4d57300b80e6e92cea7c145c739223bbaef
      url: "https://pub.dev"
    source: hosted
    version: "5.2.1"
  audioplayers_android:
    dependency: transitive
    description:
      name: audioplayers_android
      sha256: b00e1a0e11365d88576320ec2d8c192bc21f1afb6c0e5995d1c57ae63156acb5
      url: "https://pub.dev"
    source: hosted
    version: "4.0.3"
  audioplayers_darwin:
    dependency: transitive
    description:
      name: audioplayers_darwin
      sha256: "3034e99a6df8d101da0f5082dcca0a2a99db62ab1d4ddb3277bed3f6f81afe08"
      url: "https://pub.dev"
    source: hosted
    version: "5.0.2"
  audioplayers_linux:
    dependency: transitive
    description:
      name: audioplayers_linux
      sha256: "60787e73fefc4d2e0b9c02c69885402177e818e4e27ef087074cf27c02246c9e"
      url: "https://pub.dev"
    source: hosted
    version: "3.1.0"
  audioplayers_platform_interface:
    dependency: transitive
    description:
      name: audioplayers_platform_interface
      sha256: "365c547f1bb9e77d94dd1687903a668d8f7ac3409e48e6e6a3668a1ac2982adb"
      url: "https://pub.dev"
    source: hosted
    version: "6.1.0"
  audioplayers_web:
    dependency: transitive
    description:
      name: audioplayers_web
      sha256: "22cd0173e54d92bd9b2c80b1204eb1eb159ece87475ab58c9788a70ec43c2a62"
      url: "https://pub.dev"
    source: hosted
    version: "4.1.0"
  audioplayers_windows:
    dependency: transitive
    description:
      name: audioplayers_windows
      sha256: "9536812c9103563644ada2ef45ae523806b0745f7a78e89d1b5fb1951de90e1a"
      url: "https://pub.dev"
    source: hosted
    version: "3.1.0"
  boolean_selector:
    dependency: transitive
    description:
      name: boolean_selector
      sha256: "6cfb5af12253eaf2b368f07bacc5a80d1301a071c73360d746b7f2e32d762c66"
      url: "https://pub.dev"
    source: hosted
    version: "2.1.1"
  characters:
    dependency: transitive
    description:
      name: characters
      sha256: faf38497bda5ead2a8c7615f4f7939df04333478bf32e4173fcb06d428b5716b
      url: "https://pub.dev"
    source: hosted
    version: "1.4.1"
  checked_yaml:
    dependency: transitive
    description:
      name: checked_yaml
      sha256: "3d1505d91afa809d177efd4eed5bb0eb65805097a1463abdd2add076effae311"
      url: "https://pub.dev"
    source: hosted
    version: "2.0.2"
  cli_util:
    dependency: transitive
    description:
      name: cli_util
      sha256: "66f86e916d285c1a93d3b79587d94bd71984a66aac4ff74e524cfa7877f1395c"
      url: "https://pub.dev"
    source: hosted
    version: "0.3.5"
  clipboard:
    dependency: "direct main"
    description:
      name: clipboard
      sha256: "2ec38f0e59878008ceca0ab122e4bfde98847f88ef0f83331362ba4521f565a9"
      url: "https://pub.dev"
    source: hosted
    version: "0.1.3"
  clock:
    dependency: transitive
    description:
      name: clock
      sha256: e51d50bca3217c9a9fa2b41a30e4a38971133f5f9ec7a3d57bae095007f1d28e
      url: "https://pub.dev"
    source: hosted
    version: "1.1.3"
  collection:
    dependency: transitive
    description:
      name: collection
      sha256: "2f5709ae4d3d59dd8f7cd309b4e023046b57d8a6c82130785d2b0e5868084e76"
      url: "https://pub.dev"
    source: hosted
    version: "1.19.1"
  convert:
    dependency: transitive
    description:
      name: convert
      sha256: "0f08b14755d163f6e2134cb58222dd25ea2a2ee8a195e53983d57c075324d592"
      url: "https://pub.dev"
    source: hosted
    version: "3.1.1"
  cross_file:
    dependency: transitive
    description:
      name: cross_file
      sha256: f141ea4f277af142a0356955707f6556f37b03947d39d55585981a06ca437bd6
      url: "https://pub.dev"
    source: hosted
    version: "0.3.5+5"
  crypto:
    dependency: transitive
    description:
      name: crypto
      sha256: aa274aa7774f8964e4f4f38cc994db7b6158dd36e9187aaceaddc994b35c6c67
      url: "https://pub.dev"
    source: hosted
    version: "3.0.2"
  csslib:
    dependency: transitive
    description:
      name: csslib
      sha256: b36c7f7e24c0bdf1bf9a3da461c837d1de64b9f8beb190c9011d8c72a3dfd745
      url: "https://pub.dev"
    source: hosted
    version: "0.17.2"
  cupertino_icons:
    dependency: "direct main"
    description:
      name: cupertino_icons
      sha256: e35129dc44c9118cee2a5603506d823bab99c68393879edb440e0090d07586be
      url: "https://pub.dev"
    source: hosted
    version: "1.0.5"
  dbus:
    dependency: transitive
    description:
      name: dbus
      sha256: a48d5da28e89bd02196e80d81ed8d7954923d00a0f4a68cc20b575038f023383
      url: "https://pub.dev"
    source: hosted
    version: "0.7.15"
  draggable_scrollbar:
    dependency: "direct main"
    description:
      name: draggable_scrollbar
      sha256: a906e27fc1ee056e2942d66989dd0cb5b70a361e7d44af566cfa1b584054eac3
      url: "https://pub.dev"
    source: hosted
    version: "0.1.0"
  fake_async:
    dependency: transitive
    description:
      name: fake_async
      sha256: "5368f224a74523e8d2e7399ea1638b37aecfca824a3cc4dfdf77bf1fa905ac44"
      url: "https://pub.dev"
    source: hosted
    version: "1.3.3"
  ffi:
    dependency: transitive
    description:
      name: ffi
      sha256: "6d7fd89431262d8f3125e81b50d3847a091d846eafcd4fdb88dd06f36d705a45"
      url: "https://pub.dev"
    source: hosted
    version: "2.2.0"
  ffi_leak_tracker:
    dependency: transitive
    description:
      name: ffi_leak_tracker
      sha256: "4093d4ef9ca06ffe2786e73bfb25e22aa92112b9bb4ec941f11e3e6b61489a97"
      url: "https://pub.dev"
    source: hosted
    version: "0.1.2"
  file:
    dependency: transitive
    description:
      name: file
      sha256: a3b4f84adafef897088c160faf7dfffb7696046cb13ae90b508c2cbc95d3b8d4
      url: "https://pub.dev"
    source: hosted
    version: "7.0.1"
  firebase_analytics:
    dependency: "direct main"
    description:
      name: firebase_analytics
      sha256: e9adb135316ef263d17442f558e4f9e5cb5654e2a69c972792fe9dea51bfb0d8
      url: "https://pub.dev"
    source: hosted
    version: "10.1.1"
  firebase_analytics_platform_interface:
    dependency: transitive
    description:
      name: firebase_analytics_platform_interface
      sha256: "59fadd29bb605d5607b942e79a415b881bd0f7b8ebbce8e9a97735015d27a3d0"
      url: "https://pub.dev"
    source: hosted
    version: "3.3.18"
  firebase_analytics_web:
    dependency: transitive
    description:
      name: firebase_analytics_web
      sha256: "589d04f4342b3a5c4ee1b5d59099b03eeb1732b2c325e0bbe9597669fb75f744"
      url: "https://pub.dev"
    source: hosted
    version: "0.5.1+9"
  firebase_core:
    dependency: "direct main"
    description:
      name: firebase_core
      sha256: be13e431c0c950f0fc66bdb67b41b8059121d7e7d8bbbc21fb59164892d561f8
      url: "https://pub.dev"
    source: hosted
    version: "2.5.0"
  firebase_core_platform_interface:
    dependency: transitive
    description:
      name: firebase_core_platform_interface
      sha256: "5615b30c36f55b2777d0533771deda7e5730e769e5d3cb7fda79e9bed86cfa55"
      url: "https://pub.dev"
    source: hosted
    version: "4.5.3"
  firebase_core_web:
    dependency: transitive
    description:
      name: firebase_core_web
      sha256: "4b3a41410f3313bb95fd560aa5eb761b6ad65c185de772c72231e8b4aeed6d18"
      url: "https://pub.dev"
    source: hosted
    version: "2.1.1"
  firebase_remote_config:
    dependency: "direct main"
    description:
      name: firebase_remote_config
      sha256: "3ff69d22847e36a47b890804c248605decd1cd8ed3e1e78a1df197d0c591eada"
      url: "https://pub.dev"
    source: hosted
    version: "3.0.10"
  firebase_remote_config_platform_interface:
    dependency: transitive
    description:
      name: firebase_remote_config_platform_interface
      sha256: "852280ea16c0f0827ad06787856890f50e6aab460f1d01afa8527661d2760746"
      url: "https://pub.dev"
    source: hosted
    version: "1.1.30"
  firebase_remote_config_web:
    dependency: transitive
    description:
      name: firebase_remote_config_web
      sha256: "69607613a08e2908acf140b8fa4793055c7016315000213ea6290fec35289044"
      url: "https://pub.dev"
    source: hosted
    version: "1.1.19"
  fixnum:
    dependency: transitive
    description:
      name: fixnum
      sha256: b6dc7065e46c974bc7c5f143080a6764ec7a4be6da1285ececdc37be96de53be
      url: "https://pub.dev"
    source: hosted
    version: "1.1.1"
  flutter:
    dependency: "direct main"
    description: flutter
    source: sdk
    version: "0.0.0"
  flutter_email_sender:
    dependency: "direct main"
    description:
      name: flutter_email_sender
      sha256: "9e253c69617f43d4cb5de672e93a7a19c12a21fb6a75e66c6ce7626336c4c1bc"
      url: "https://pub.dev"
    source: hosted
    version: "5.2.0"
  flutter_inappwebview:
    dependency: "direct main"
    description:
      name: flutter_inappwebview
      sha256: "80092d13d3e29b6227e25b67973c67c7210bd5e35c4b747ca908e31eb71a46d5"
      url: "https://pub.dev"
    source: hosted
    version: "6.1.5"
  flutter_inappwebview_android:
    dependency: transitive
    description:
      name: flutter_inappwebview_android
      sha256: "62557c15a5c2db5d195cb3892aab74fcaec266d7b86d59a6f0027abd672cddba"
      url: "https://pub.dev"
    source: hosted
    version: "1.1.3"
  flutter_inappwebview_internal_annotations:
    dependency: transitive
    description:
      name: flutter_inappwebview_internal_annotations
      sha256: e30fba942e3debea7b7e6cdd4f0f59ce89dd403a9865193e3221293b6d1544c6
      url: "https://pub.dev"
    source: hosted
    version: "1.3.0"
  flutter_inappwebview_ios:
    dependency: transitive
    description:
      name: flutter_inappwebview_ios
      sha256: "5818cf9b26cf0cbb0f62ff50772217d41ea8d3d9cc00279c45f8aabaa1b4025d"
      url: "https://pub.dev"
    source: hosted
    version: "1.1.2"
  flutter_inappwebview_macos:
    dependency: transitive
    description:
      name: flutter_inappwebview_macos
      sha256: c1fbb86af1a3738e3541364d7d1866315ffb0468a1a77e34198c9be571287da1
      url: "https://pub.dev"
    source: hosted
    version: "1.1.2"
  flutter_inappwebview_platform_interface:
    dependency: transitive
    description:
      name: flutter_inappwebview_platform_interface
      sha256: cf5323e194096b6ede7a1ca808c3e0a078e4b33cc3f6338977d75b4024ba2500
      url: "https://pub.dev"
    source: hosted
    version: "1.3.0+1"
  flutter_inappwebview_web:
    dependency: transitive
    description:
      name: flutter_inappwebview_web
      sha256: "55f89c83b0a0d3b7893306b3bb545ba4770a4df018204917148ebb42dc14a598"
      url: "https://pub.dev"
    source: hosted
    version: "1.1.2"
  flutter_inappwebview_windows:
    dependency: transitive
    description:
      name: flutter_inappwebview_windows
      sha256: "8b4d3a46078a2cdc636c4a3d10d10f2a16882f6be607962dbfff8874d1642055"
      url: "https://pub.dev"
    source: hosted
    version: "0.6.0"
  flutter_launcher_icons:
    dependency: "direct dev"
    description:
      name: flutter_launcher_icons
      sha256: ce0e501cfc258907842238e4ca605e74b7fd1cdf04b3b43e86c43f3e40a1592c
      url: "https://pub.dev"
    source: hosted
    version: "0.11.0"
  flutter_lints:
    dependency: "direct dev"
    description:
      name: flutter_lints
      sha256: aeb0b80a8b3709709c9cc496cdc027c5b3216796bc0af0ce1007eaf24464fd4c
      url: "https://pub.dev"
    source: hosted
    version: "2.0.1"
  flutter_native_splash:
    dependency: "direct dev"
    description:
      name: flutter_native_splash
      sha256: "6777a3abb974021a39b5fdd2d46a03ca390e03903b6351f21d10e7ecc969f12d"
      url: "https://pub.dev"
    source: hosted
    version: "2.2.16"
  flutter_test:
    dependency: "direct dev"
    description: flutter
    source: sdk
    version: "0.0.0"
  flutter_web_plugins:
    dependency: transitive
    description: flutter
    source: sdk
    version: "0.0.0"
  google_mobile_ads:
    dependency: "direct main"
    description:
      name: google_mobile_ads
      sha256: "7a39fe63007764115395550fc3eaf0d469de685298208040138c373d5444ab48"
      url: "https://pub.dev"
    source: hosted
    version: "2.3.0"
  html:
    dependency: transitive
    description:
      name: html
      sha256: d9793e10dbe0e6c364f4c59bf3e01fb33a9b2a674bc7a1081693dba0614b6269
      url: "https://pub.dev"
    source: hosted
    version: "0.15.1"
  http:
    dependency: "direct main"
    description:
      name: http
      sha256: "87721a4a50b19c7f1d49001e51409bddc46303966ce89a65af4f4e6004896412"
      url: "https://pub.dev"
    source: hosted
    version: "1.6.0"
  http_parser:
    dependency: transitive
    description:
      name: http_parser
      sha256: "178d74305e7866013777bab2c3d8726205dc5a4dd935297175b19a23a2e66571"
      url: "https://pub.dev"
    source: hosted
    version: "4.1.2"
  image:
    dependency: transitive
    description:
      name: image
      sha256: "8e9d133755c3e84c73288363e6343157c383a0c6c56fc51afcc5d4d7180306d6"
      url: "https://pub.dev"
    source: hosted
    version: "3.3.0"
  in_app_purchase:
    dependency: "direct main"
    description:
      name: in_app_purchase
      sha256: d8317ec2ed6fe33199957d67ee67e08a4fd4871ef93b91d7611d8ee560892afc
      url: "https://pub.dev"
    source: hosted
    version: "3.3.1"
  in_app_purchase_android:
    dependency: transitive
    description:
      name: in_app_purchase_android
      sha256: f7327b5fd70d8dc1b419fb4cd5c17520175c4059441afd985e8a9c3fa2cefed9
      url: "https://pub.dev"
    source: hosted
    version: "0.5.3"
  in_app_purchase_platform_interface:
    dependency: transitive
    description:
      name: in_app_purchase_platform_interface
      sha256: "0b0076cac8ce4fa7048f01e76af8b123aeb6a7c4e0dea2a5206d6664454f3e36"
      url: "https://pub.dev"
    source: hosted
    version: "1.4.1"
  in_app_purchase_storekit:
    dependency: transitive
    description:
      name: in_app_purchase_storekit
      sha256: "9e5986db8f7600d62c56739c7d357aa37c4af27035bf00db6f7ab7a8ca952614"
      url: "https://pub.dev"
    source: hosted
    version: "0.4.4+1"
  in_app_update:
    dependency: "direct main"
    description:
      name: in_app_update
      sha256: "0be3b79405409d77999b57075322ae4703af7871d83529b5b52c246ada9861fe"
      url: "https://pub.dev"
    source: hosted
    version: "4.0.1"
  js:
    dependency: transitive
    description:
      name: js
      sha256: "5528c2f391ededb7775ec1daa69e65a2d61276f7552de2b5f7b8d34ee9fd4ab7"
      url: "https://pub.dev"
    source: hosted
    version: "0.6.5"
  json_annotation:
    dependency: transitive
    description:
      name: json_annotation
      sha256: c33da08e136c3df0190bd5bbe51ae1df4a7d96e7954d1d7249fea2968a72d317
      url: "https://pub.dev"
    source: hosted
    version: "4.8.0"
  leak_tracker:
    dependency: transitive
    description:
      name: leak_tracker
      sha256: "33e2e26bdd85a0112ec15400c8cbffea70d0f9c3407491f672a2fad47915e2de"
      url: "https://pub.dev"
    source: hosted
    version: "11.0.2"
  leak_tracker_flutter_testing:
    dependency: transitive
    description:
      name: leak_tracker_flutter_testing
      sha256: "1dbc140bb5a23c75ea9c4811222756104fbcd1a27173f0c34ca01e16bea473c1"
      url: "https://pub.dev"
    source: hosted
    version: "3.0.10"
  leak_tracker_testing:
    dependency: transitive
    description:
      name: leak_tracker_testing
      sha256: "8d5a2d49f4a66b49744b23b018848400d23e54caf9463f4eb20df3eb8acb2eb1"
      url: "https://pub.dev"
    source: hosted
    version: "3.0.2"
  lints:
    dependency: transitive
    description:
      name: lints
      sha256: "5e4a9cd06d447758280a8ac2405101e0e2094d2a1dbdd3756aec3fe7775ba593"
      url: "https://pub.dev"
    source: hosted
    version: "2.0.1"
  matcher:
    dependency: transitive
    description:
      name: matcher
      sha256: "31bd099b47c10cd1aeb55146a2d46ce0277630ecef3f7dae54ad7873f36696cd"
      url: "https://pub.dev"
    source: hosted
    version: "0.12.20"
  material_color_utilities:
    dependency: transitive
    description:
      name: material_color_utilities
      sha256: "9c337007e82b1889149c82ed242ed1cb24a66044e30979c44912381e9be4c48b"
      url: "https://pub.dev"
    source: hosted
    version: "0.13.0"
  meta:
    dependency: transitive
    description:
      name: meta
      sha256: "307249ce4ff29d58a18e97f6345f539382eb9c9c29ecda628900f31de0443dd9"
      url: "https://pub.dev"
    source: hosted
    version: "1.19.0"
  mime:
    dependency: transitive
    description:
      name: mime
      sha256: bd47de35f07e27267e69c8c8b22edf9473bfee170a60d60fcc93730c5144b7f6
      url: "https://pub.dev"
    source: hosted
    version: "2.1.0"
  package_info_plus:
    dependency: transitive
    description:
      name: package_info_plus
      sha256: "127e1751e37ffb2ff4658beeaca77bad0c27bf5f932bd3a501c2296926d4b481"
      url: "https://pub.dev"
    source: hosted
    version: "10.2.1"
  package_info_plus_platform_interface:
    dependency: transitive
    description:
      name: package_info_plus_platform_interface
      sha256: db762cb2f4f25ee60fb6359773861b0f199e00b90d237bd85a76a1e806b46ef4
      url: "https://pub.dev"
    source: hosted
    version: "4.1.0"
  path:
    dependency: transitive
    description:
      name: path
      sha256: "75cca69d1490965be98c73ceaea117e8a04dd21217b37b292c9ddbec0d955bc5"
      url: "https://pub.dev"
    source: hosted
    version: "1.9.1"
  path_provider:
    dependency: "direct main"
    description:
      name: path_provider
      sha256: a7f4874f987173da295a61c181b8ee71dab59b332a486b391babf26a1b884825
      url: "https://pub.dev"
    source: hosted
    version: "2.1.6"
  path_provider_android:
    dependency: transitive
    description:
      name: path_provider_android
      sha256: "149441ca6e4f38193b2e004c0ca6376a3d11f51fa5a77552d8bd4d2b0c0912ba"
      url: "https://pub.dev"
    source: hosted
    version: "2.2.23"
  path_provider_foundation:
    dependency: transitive
    description:
      name: path_provider_foundation
      sha256: "6d13aece7b3f5c5a9731eaf553ff9dcbc2eff41087fd2df587fd0fed9a3eb0c4"
      url: "https://pub.dev"
    source: hosted
    version: "2.5.1"
  path_provider_linux:
    dependency: transitive
    description:
      name: path_provider_linux
      sha256: "58c2005f147315b11e9b4a7bc889cd5203e250cba8e3f012dae259b4972b5c16"
      url: "https://pub.dev"
    source: hosted
    version: "2.2.2"
  path_provider_platform_interface:
    dependency: transitive
    description:
      name: path_provider_platform_interface
      sha256: "484838772624c3a4b94f1e44a3e19897fee738f2d5c4ce448443b0417f7c9dda"
      url: "https://pub.dev"
    source: hosted
    version: "2.1.3"
  path_provider_windows:
    dependency: transitive
    description:
      name: path_provider_windows
      sha256: bd6f00dbd873bfb70d0761682da2b3a2c2fccc2b9e84c495821639601d81afe7
      url: "https://pub.dev"
    source: hosted
    version: "2.3.0"
  petitparser:
    dependency: transitive
    description:
      name: petitparser
      sha256: "2f1564aadb14215e478563b5406cb80729d022158c01dc50c96013c2f7eb4790"
      url: "https://pub.dev"
    source: hosted
    version: "7.1.0"
  platform:
    dependency: transitive
    description:
      name: platform
      sha256: "4a451831508d7d6ca779f7ac6e212b4023dd5a7d08a27a63da33756410e32b76"
      url: "https://pub.dev"
    source: hosted
    version: "3.1.0"
  plugin_platform_interface:
    dependency: transitive
    description:
      name: plugin_platform_interface
      sha256: "4820fbfdb9478b1ebae27888254d445073732dae3d6ea81f0b7e06d5dedc3f02"
      url: "https://pub.dev"
    source: hosted
    version: "2.1.8"
  pointycastle:
    dependency: transitive
    description:
      name: pointycastle
      sha256: db7306cf0249f838d1a24af52b5a5887c5bf7f31d8bb4e827d071dc0939ad346
      url: "https://pub.dev"
    source: hosted
    version: "3.6.2"
  share_plus:
    dependency: "direct main"
    description:
      name: share_plus
      sha256: "34f00f9becd2743c1fb05363d624f9f70d37f7ccdcdda47450bc0b8c9d327b8c"
      url: "https://pub.dev"
    source: hosted
    version: "13.3.0"
  share_plus_platform_interface:
    dependency: transitive
    description:
      name: share_plus_platform_interface
      sha256: "365ef7379fc22507256adda3385152942ffce08935452bc972c2e52a0bebae41"
      url: "https://pub.dev"
    source: hosted
    version: "7.2.0"
  shared_preferences:
    dependency: "direct main"
    description:
      name: shared_preferences
      sha256: c3025c5534b01739267eb7d76959bbc25a6d10f6988e1c2a3036940133dd10bf
      url: "https://pub.dev"
    source: hosted
    version: "2.5.5"
  shared_preferences_android:
    dependency: transitive
    description:
      name: shared_preferences_android
      sha256: "1e12aafe408aa50da80edfd679a2a6bf63ba7ab37c7fa98286da459a757b3399"
      url: "https://pub.dev"
    source: hosted
    version: "2.4.28"
  shared_preferences_foundation:
    dependency: transitive
    description:
      name: shared_preferences_foundation
      sha256: "2ec3934efa51e46117f23031cc141b8fc878e8525b94ec1ea4f7f586cf1b47ea"
      url: "https://pub.dev"
    source: hosted
    version: "2.5.7"
  shared_preferences_linux:
    dependency: transitive
    description:
      name: shared_preferences_linux
      sha256: "580abfd40f415611503cae30adf626e6656dfb2f0cee8f465ece7b6defb40f2f"
      url: "https://pub.dev"
    source: hosted
    version: "2.4.1"
  shared_preferences_platform_interface:
    dependency: transitive
    description:
      name: shared_preferences_platform_interface
      sha256: "649dc798a33931919ea356c4305c2d1f81619ea6e92244070b520187b5140ef9"
      url: "https://pub.dev"
    source: hosted
    version: "2.4.2"
  shared_preferences_web:
    dependency: transitive
    description:
      name: shared_preferences_web
      sha256: c49bd060261c9a3f0ff445892695d6212ff603ef3115edbb448509d407600019
      url: "https://pub.dev"
    source: hosted
    version: "2.4.3"
  shared_preferences_windows:
    dependency: transitive
    description:
      name: shared_preferences_windows
      sha256: "94ef0f72b2d71bc3e700e025db3710911bd51a71cefb65cc609dd0d9a982e3c1"
      url: "https://pub.dev"
    source: hosted
    version: "2.4.1"
  sky_engine:
    dependency: transitive
    description: flutter
    source: sdk
    version: "0.0.0"
  source_span:
    dependency: transitive
    description:
      name: source_span
      sha256: dd904f795d4b4f3b870833847c461801f6750a9fa8e61ea5ac53f9422b31f250
      url: "https://pub.dev"
    source: hosted
    version: "1.9.1"
  sqflite:
    dependency: "direct main"
    description:
      name: sqflite
      sha256: "2d7299468485dca85efeeadf5d38986909c5eb0cd71fd3db2c2f000e6c9454bb"
      url: "https://pub.dev"
    source: hosted
    version: "2.4.1"
  sqflite_android:
    dependency: transitive
    description:
      name: sqflite_android
      sha256: "881e28efdcc9950fd8e9bb42713dcf1103e62a2e7168f23c9338d82db13dec40"
      url: "https://pub.dev"
    source: hosted
    version: "2.4.2+3"
  sqflite_common:
    dependency: transitive
    description:
      name: sqflite_common
      sha256: "1581ffbf7a0e333b380d6a30737d78516b826cb35beb7fb0bf8a3ea0c678b465"
      url: "https://pub.dev"
    source: hosted
    version: "2.5.8"
  sqflite_common_ffi:
    dependency: "direct dev"
    description:
      name: sqflite_common_ffi
      sha256: e435a9dcd0ca79ba6aea677468e6f7cb8859891294a8f34226685f2cf2002ea2
      url: "https://pub.dev"
    source: hosted
    version: "2.2.1+1"
  sqflite_darwin:
    dependency: transitive
    description:
      name: sqflite_darwin
      sha256: "279832e5cde3fe99e8571879498c9211f3ca6391b0d818df4e17d9fff5c6ccb3"
      url: "https://pub.dev"
    source: hosted
    version: "2.4.2"
  sqflite_platform_interface:
    dependency: transitive
    description:
      name: sqflite_platform_interface
      sha256: "8dd4515c7bdcae0a785b0062859336de775e8c65db81ae33dd5445f35be61920"
      url: "https://pub.dev"
    source: hosted
    version: "2.4.0"
  sqlite3:
    dependency: transitive
    description:
      name: sqlite3
      sha256: "45f168ae2213201b54e09429ed0c593dc2c88c924a1488d6f9c523a255d567cb"
      url: "https://pub.dev"
    source: hosted
    version: "2.4.6"
  stack_trace:
    dependency: transitive
    description:
      name: stack_trace
      sha256: "277654b3034d17ac6f9f1cb5595db011b1d5d41e8806866db28e0abaa101c490"
      url: "https://pub.dev"
    source: hosted
    version: "1.12.2"
  stream_channel:
    dependency: transitive
    description:
      name: stream_channel
      sha256: "969e04c80b8bcdf826f8f16579c7b14d780458bd97f56d107d3950fdbeef059d"
      url: "https://pub.dev"
    source: hosted
    version: "2.1.4"
  string_scanner:
    dependency: transitive
    description:
      name: string_scanner
      sha256: "556692adab6cfa87322a115640c11f13cb77b3f076ddcc5d6ae3c20242bedcde"
      url: "https://pub.dev"
    source: hosted
    version: "1.2.0"
  synchronized:
    dependency: transitive
    description:
      name: synchronized
      sha256: "33b31b6beb98100bf9add464a36a8dd03eb10c7a8cf15aeec535e9b054aaf04b"
      url: "https://pub.dev"
    source: hosted
    version: "3.0.1"
  term_glyph:
    dependency: transitive
    description:
      name: term_glyph
      sha256: a29248a84fbb7c79282b40b8c72a1209db169a2e0542bce341da992fe1bc7e84
      url: "https://pub.dev"
    source: hosted
    version: "1.2.1"
  test_api:
    dependency: transitive
    description:
      name: test_api
      sha256: "2a122cbe059f8b610d3a5415f42e255b6c17b1f21eee1d960f31080237fb4f11"
      url: "https://pub.dev"
    source: hosted
    version: "0.7.12"
  typed_data:
    dependency: transitive
    description:
      name: typed_data
      sha256: "26f87ade979c47a150c9eaab93ccd2bebe70a27dc0b4b29517f2904f04eb11a5"
      url: "https://pub.dev"
    source: hosted
    version: "1.3.1"
  universal_io:
    dependency: transitive
    description:
      name: universal_io
      sha256: "79f78ddad839ee3aae3ec7c01eb4575faf0d5c860f8e5223bc9f9c17f7f03cef"
      url: "https://pub.dev"
    source: hosted
    version: "2.0.4"
  url_launcher:
    dependency: "direct main"
    description:
      name: url_launcher
      sha256: f6a7e5c4835bb4e3026a04793a4199ca2d14c739ec378fdfe23fc8075d0439f8
      url: "https://pub.dev"
    source: hosted
    version: "6.3.2"
  url_launcher_android:
    dependency: transitive
    description:
      name: url_launcher_android
      sha256: "611e87fb320b70d1dd721dc46af89c98aceccea9b31fde49e084591414e0c610"
      url: "https://pub.dev"
    source: hosted
    version: "6.3.33"
  url_launcher_ios:
    dependency: transitive
    description:
      name: url_launcher_ios
      sha256: "8faa1aab294f1ab4040b43660c887b0418d5fa4f0cffef76a484e6aa1092eb4a"
      url: "https://pub.dev"
    source: hosted
    version: "6.4.2"
  url_launcher_linux:
    dependency: transitive
    description:
      name: url_launcher_linux
      sha256: "10f86fef4c2c43563fa6c211ff9cf757adf4d3ab762c56bd430664a947d70cd0"
      url: "https://pub.dev"
    source: hosted
    version: "3.2.3"
  url_launcher_macos:
    dependency: transitive
    description:
      name: url_launcher_macos
      sha256: "5e835a3b869c2d70325349c81c5a45c28e20791265b67b2669da6b08c5cd5201"
      url: "https://pub.dev"
    source: hosted
    version: "3.2.6"
  url_launcher_platform_interface:
    dependency: transitive
    description:
      name: url_launcher_platform_interface
      sha256: "552f8a1e663569be95a8190206a38187b531910283c3e982193e4f2733f01029"
      url: "https://pub.dev"
    source: hosted
    version: "2.3.2"
  url_launcher_web:
    dependency: transitive
    description:
      name: url_launcher_web
      sha256: "85c81589622fbc87c1c683aaea164d3604a7777495a79d91e39ffcdec39ddb34"
      url: "https://pub.dev"
    source: hosted
    version: "2.4.3"
  url_launcher_windows:
    dependency: transitive
    description:
      name: url_launcher_windows
      sha256: "6c5ad3f22cd4c38e089b81963b3cd7bb83b111b2df5dce008bb066162f42e429"
      url: "https://pub.dev"
    source: hosted
    version: "3.1.6"
  uuid:
    dependency: transitive
    description:
      name: uuid
      sha256: "9b129329f58692f6e6578329498a8fe9fbe98f090beb764ffbb8ee2eadd01dcd"
      url: "https://pub.dev"
    source: hosted
    version: "4.6.0"
  vector_math:
    dependency: transitive
    description:
      name: vector_math
      sha256: "92b9910f66ed1057fd4da7b040ae7c74cafacf885bdc81be496928d5049b032d"
      url: "https://pub.dev"
    source: hosted
    version: "2.4.3"
  visibility_detector:
    dependency: transitive
    description:
      name: visibility_detector
      sha256: "15c54a459ec2c17b4705450483f3d5a2858e733aee893dcee9d75fd04814940d"
      url: "https://pub.dev"
    source: hosted
    version: "0.3.3"
  vm_service:
    dependency: transitive
    description:
      name: vm_service
      sha256: "5f37239c4851efcef929cea7824e76df7f2f0970aef85d66bbc430afa40e72f0"
      url: "https://pub.dev"
    source: hosted
    version: "15.3.0"
  wakelock_plus:
    dependency: "direct main"
    description:
      name: wakelock_plus
      sha256: "22b3e7e937721de70e63c85e7139f4ac781dc22863b9262431a53ac030eb074b"
      url: "https://pub.dev"
    source: hosted
    version: "1.8.0"
  wakelock_plus_platform_interface:
    dependency: transitive
    description:
      name: wakelock_plus_platform_interface
      sha256: "764c25504562abc8ac3406f5d175f126b276e6ba916c7c2675690b73368ca384"
      url: "https://pub.dev"
    source: hosted
    version: "1.7.0"
  web:
    dependency: transitive
    description:
      name: web
      sha256: "868d88a33d8a87b18ffc05f9f030ba328ffefba92d6c127917a2ba740f9cfe4a"
      url: "https://pub.dev"
    source: hosted
    version: "1.1.1"
  win32:
    dependency: transitive
    description:
      name: win32
      sha256: a0b93865d5644f11cf6a8c3f6db909f1ec168958b5805f6cc684adea957cd63d
      url: "https://pub.dev"
    source: hosted
    version: "6.4.0"
  xdg_directories:
    dependency: transitive
    description:
      name: xdg_directories
      sha256: "7a3f37b05d989967cdddcbb571f1ea834867ae2faa29725fd085180e0883aa15"
      url: "https://pub.dev"
    source: hosted
    version: "1.1.0"
  xml:
    dependency: transitive
    description:
      name: xml
      sha256: "971043b3a0d3da28727e40ed3e0b5d18b742fa5a68665cca88e74b7876d5e025"
      url: "https://pub.dev"
    source: hosted
    version: "6.6.1"
  yaml:
    dependency: transitive
    description:
      name: yaml
      sha256: "23812a9b125b48d4007117254bca50abb6c712352927eece9e155207b1db2370"
      url: "https://pub.dev"
    source: hosted
    version: "3.1.1"
sdks:
  dart: ">=3.13.0 <4.0.0"
  flutter: ">=3.44.0"
